
Microsoft Visual Studio Solution File, Format Version 12.00
# Visual Studio Version 16
VisualStudioVersion = 16.0.30711.63
MinimumVisualStudioVersion = 10.0.40219.1
Project("{8BC9CEB8-8B4A-11D0-8D11-00A0C91BC942}") = "TP_Banque", "TP_Banque\TP_Banque.vcxproj", "{902FA691-2C70-4284-8312-34FCFF91DEAE}"
EndProject
Global
	GlobalSection(SolutionConfigurationPlatforms) = preSolution
		Debug|x64 = Debug|x64
		Debug|x86 = Debug|x86
		Release|x64 = Release|x64
		Release|x86 = Release|x86
	EndGlobalSection
	GlobalSection(ProjectConfigurationPlatforms) = postSolution
		{902FA691-2C70-4284-8312-34FCFF91DEAE}.Debug|x64.ActiveCfg = Debug|x64
		{902FA691-2C70-4284-8312-34FCFF91DEAE}.Debug|x64.Build.0 = Debug|x64
		{902FA691-2C70-4284-8312-34FCFF91DEAE}.Debug|x86.ActiveCfg = Debug|Win32
		{902FA691-2C70-4284-8312-34FCFF91DEAE}.Debug|x86.Build.0 = Debug|Win32
		{902FA691-2C70-4284-8312-34FCFF91DEAE}.Release|x64.ActiveCfg = Release|x64
		{902FA691-2C70-4284-8312-34FCFF91DEAE}.Release|x64.Build.0 = Release|x64
		{902FA691-2C70-4284-8312-34FCFF91DEAE}.Release|x86.ActiveCfg = Release|Win32
		{902FA691-2C70-4284-8312-34FCFF91DEAE}.Release|x86.Build.0 = Release|Win32
	EndGlobalSection
	GlobalSection(SolutionProperties) = preSolution
		HideSolutionNode = FALSE
	EndGlobalSection
	GlobalSection(ExtensibilityGlobals) = postSolution
		SolutionGuid = {48FCD8F2-F734-4DFA-9E9A-AC4AB4FF981B}
	EndGlobalSection
EndGlobal
